
Microsoft Visual Studio Solution File, Format Version 12.00
# Visual Studio Version 17
VisualStudioVersion = 17.5.002.0
MinimumVisualStudioVersion = 10.0.40219.1
Project("{9A19103F-16F7-4668-BE54-9A1E7A4F7556}") = "todo-fullstack-c#", "todo-fullstack-c#.csproj", "{40EF361A-2153-4BDD-AF34-7B67E5EC293D}"
EndProject
Global
	GlobalSection(SolutionConfigurationPlatforms) = preSolution
		Debug|Any CPU = Debug|Any CPU
		Release|Any CPU = Release|Any CPU
	EndGlobalSection
	GlobalSection(ProjectConfigurationPlatforms) = postSolution
		{40EF361A-2153-4BDD-AF34-7B67E5EC293D}.Debug|Any CPU.ActiveCfg = Debug|Any CPU
		{40EF361A-2153-4BDD-AF34-7B67E5EC293D}.Debug|Any CPU.Build.0 = Debug|Any CPU
		{40EF361A-2153-4BDD-AF34-7B67E5EC293D}.Release|Any CPU.ActiveCfg = Release|Any CPU
		{40EF361A-2153-4BDD-AF34-7B67E5EC293D}.Release|Any CPU.Build.0 = Release|Any CPU
	EndGlobalSection
	GlobalSection(SolutionProperties) = preSolution
		HideSolutionNode = FALSE
	EndGlobalSection
	GlobalSection(ExtensibilityGlobals) = postSolution
		SolutionGuid = {A06BFB01-9A04-47E0-AAE6-0782C90A625A}
	EndGlobalSection
EndGlobal
